// !$*UTF8*$!
{
	archiveVersion = 1;
	classes = {
	};
	objectVersion = 46;
	objects = {

/* Begin PBXGroup section */
		F0F20AC81D4F12260077F1BE = {
			isa = PBXGroup;
			children = (
			);
			sourceTree = "<group>";
		};
/* End PBXGroup section */

/* Begin PBXProject section */
		F0F20AC91D4F12260077F1BE /* Project object */ = {
			isa = PBXProject;
			attributes = {
				LastUpgradeCheck = 0730;
			};
			buildConfigurationList = F0F20ACC1D4F12260077F1BE /* Build configuration list for PBXProject "EkoActionSheetController" */;
			compatibilityVersion = "Xcode 3.2";
			developmentRegion = English;
			hasScannedForEncodings = 0;
			knownRegions = (
				en,
			);
			mainGroup = F0F20AC81D4F12260077F1BE;
			projectDirPath = "";
			projectRoot = "";
			targets = (
			);
		};
/* End PBXProject section */

/* Begin XCBuildConfiguration section */
		F0F20ACD1D4F12260077F1BE /* Debug */ = {
			isa = XCBuildConfiguration;
			buildSettings = {
			};
			name = Debug;
		};
		F0F20ACE1D4F12260077F1BE /* Release */ = {
			isa = XCBuildConfiguration;
			buildSettings = {
			};
			name = Release;
		};
/* End XCBuildConfiguration section */

/* Begin XCConfigurationList section */
		F0F20ACC1D4F12260077F1BE /* Build configuration list for PBXProject "EkoActionSheetController" */ = {
			isa = XCConfigurationList;
			buildConfigurations = (
				F0F20ACD1D4F12260077F1BE /* Debug */,
				F0F20ACE1D4F12260077F1BE /* Release */,
			);
			defaultConfigurationIsVisible = 0;
			defaultConfigurationName = Release;
		};
/* End XCConfigurationList section */
	};
	rootObject = F0F20AC91D4F12260077F1BE /* Project object */;
}
